github.com/davecgh/go-spew v1.1.2-0.20180830191138-d8f796af33cc h1:U9qPSI2PIWSS1VwoXQT9A3Wy9MM3WgvqSxFWenqJduM=
github.com/davecgh/go-spew v1.1.2-0.20180830191138-d8f796af33cc/go.mod h1:J7Y8YcW2NihsgmVo/mv3lAwl/skON4iLHjSsI+c5H38=
github.com/destel/rill v0.8.1 h1:tJTit7kljOy2i2kqP4zHG1dUA452VpMK/myYRy5SY28=
github.com/destel/rill v0.8.1/go.mod h1:srKuXzvGqINUEGYR5b/iwvW+L9/S35RxVHWGYbXNoO4=
github.com/gloo-foo/cmd-while v0.0.0-20260630225849-51c2adf76c87 h1:d9n30FF7WoBR3raHaMUqMPWBEnMnMTfTJA6Z2paFWLo=
github.com/gloo-foo/cmd-while v0.0.0-20260630225849-51c2adf76c87/go.mod h1:WCWPsBUHHw5jKECevF+tAc9fU9E4VVu21Y/Uhw88RyQ=
github.com/gloo-foo/framework v0.0.7 h1:hRJxPqaLbCaBdjLFiH+OJfwAwB3fTv2CZBYamTV9yUs=
github.com/gloo-foo/framework v0.0.7/go.mod h1:DtuZO+tFO9AZQLIETiWPNYovXim8bLqRX6VHe0T8eR0=
github.com/gloo-foo/testable v0.0.1 h1:SkzQ9t1PHqbWKqK5JZBed58Qh10XDb7TMC5ZctxXc54=
github.com/gloo-foo/testable v0.0.1/go.mod h1:bwLQpFs7heO3nuMoCbl3NHeR3GZO9Q0nZ0SgaVWii6Q=
github.com/pmezard/go-difflib v1.0.1-0.20181226105442-5d4384ee4fb2 h1:Jamvg5psRIccs7FGNTlIRMkT8wgtp5eCXdBlqhYGL6U=
github.com/pmezard/go-difflib v1.0.1-0.20181226105442-5d4384ee4fb2/go.mod h1:iKH77koFhYxTK1pcRnkKkqfTogsbg7gZNVY4sRDYZ/4=
github.com/spf13/afero v1.15.0 h1:b/YBCLWAJdFWJTN9cLhiXXcD7mzKn9Dm86dNnfyQw1I=
github.com/spf13/afero v1.15.0/go.mod h1:NC2ByUVxtQs4b3sIUphxK0NioZnmxgyCrfzeuq8lxMg=
github.com/stretchr/testify v1.11.1 h1:7s2iGBzp5EwR7/aIZr8ao5+dra3wiQyKjjFuvgVKu7U=
github.com/stretchr/testify v1.11.1/go.mod h1:wZwfW3scLgRK+23gO65QZefKpKQRnfz6sD981Nm4B6U=
github.com/urfave/cli/v3 v3.10.0 h1:0aU8yOObVDMkM13Cj4G+zb4P0PdeJMec65f81Ak1ioM=
github.com/urfave/cli/v3 v3.10.0/go.mod h1:ysVLtOEmg2tOy6PknnYVhDoouyC/6N42TMeoMzskhso=
golang.org/x/text v0.38.0 h1:sXmwo9DwP3OK9EZ7PqAdaooSGozfl/3a6/xJcbzPRhE=
golang.org/x/text v0.38.0/go.mod h1:YXZt3QhHUKYT53r2lLKFIVi6Ao1jdzrTR/KQ09qyxF4=
gopkg.in/yaml.v3 v3.0.1 h1:fxVm/GzAzEWqLHuvctI91KS9hhNmmWOoWu0XTYJS7CA=
gopkg.in/yaml.v3 v3.0.1/go.mod h1:K4uyk7z7BCEPqu6E+C64Yfv1cQ7kz7rIZviUmN+EgEM=
